PODS:
  - ASN1Decoder (1.10.0)
  - boost (1.76.0)
  - DoubleConversion (1.1.6)
  - EASClient (0.6.0):
    - ExpoModulesCore
  - EXApplication (5.3.1):
    - ExpoModulesCore
  - EXBarCodeScanner (12.5.3):
    - EXImageLoader
    - ExpoModulesCore
    - ZXingObjC/OneD
    - ZXingObjC/PDF417
  - EXConstants (14.4.2):
    - ExpoModulesCore
  - EXFileSystem (15.4.5):
    - ExpoModulesCore
  - EXFont (11.4.0):
    - ExpoModulesCore
  - EXImageLoader (4.3.0):
    - ExpoModulesCore
    - React-Core
  - EXJSONUtils (0.7.1)
  - EXManifests (0.7.2):
    - ExpoModulesCore
  - Expo (49.0.23):
    - ExpoModulesCore
  - ExpoDevice (5.4.0):
    - ExpoModulesCore
  - ExpoKeepAwake (12.3.0):
    - ExpoModulesCore
  - ExpoModulesCore (1.5.13):
    - RCT-Folly (= 2021.07.22.00)
    - React-Core
    - React-NativeModulesApple
    - React-RCTAppDelegate
    - ReactCommon/turbomodule/core
  - ExpoWebBrowser (12.3.2):
    - ExpoModulesCore
  - EXSplashScreen (0.20.5):
    - ExpoModulesCore
    - RCT-Folly (= 2021.07.22.00)
    - React-Core
  - EXStructuredHeaders (3.3.0)
  - EXUpdates (0.18.19):
    - ASN1Decoder (~> 1.8)
    - EASClient
    - EXManifests
    - ExpoModulesCore
    - EXStructuredHeaders
    - EXUpdatesInterface
    - RCT-Folly (= 2021.07.22.00)
    - ReachabilitySwift
    - React-Core
  - EXUpdatesInterface (0.10.1)
  - FBLazyVector (0.72.10)
  - FBReactNativeSpec (0.72.10):
    - RCT-Folly (= 2021.07.22.00)
    - RCTRequired (= 0.72.10)
    - RCTTypeSafety (= 0.72.10)
    - React-Core (= 0.72.10)
    - React-jsi (= 0.72.10)
    - ReactCommon/turbomodule/core (= 0.72.10)
  - fmt (6.2.1)
  - glog (0.3.5)
  - RCT-Folly (2021.07.22.00):
    - boost
    - DoubleConversion
    - fmt (~> 6.2.1)
    - glog
    - RCT-Folly/Default (= 2021.07.22.00)
  - RCT-Folly/Default (2021.07.22.00):
    - boost
    - DoubleConversion
    - fmt (~> 6.2.1)
    - glog
  - RCTRequired (0.72.10)
  - RCTTypeSafety (0.72.10):
    - FBLazyVector (= 0.72.10)
    - RCTRequired (= 0.72.10)
    - React-Core (= 0.72.10)
  - ReachabilitySwift (5.2.4)
  - React (0.72.10):
    - React-Core (= 0.72.10)
    - React-Core/DevSupport (= 0.72.10)
    - React-Core/RCTWebSocket (= 0.72.10)
    - React-RCTActionSheet (= 0.72.10)
    - React-RCTAnimation (= 0.72.10)
    - React-RCTBlob (= 0.72.10)
    - React-RCTImage (= 0.72.10)
    - React-RCTLinking (= 0.72.10)
    - React-RCTNetwork (= 0.72.10)
    - React-RCTSettings (= 0.72.10)
    - React-RCTText (= 0.72.10)
    - React-RCTVibration (= 0.72.10)
  - React-callinvoker (0.72.10)
  - React-Codegen (0.72.10):
    - DoubleConversion
    - FBReactNativeSpec
    - glog
    - RCT-Folly
    - RCTRequired
    - RCTTypeSafety
    - React-Core
    - React-jsc
    - React-jsi
    - React-jsiexecutor
    - React-NativeModulesApple
    - React-rncore
    - ReactCommon/turbomodule/bridging
    - ReactCommon/turbomodule/core
  - React-Core (0.72.10):
    - glog
    - RCT-Folly (= 2021.07.22.00)
    - React-Core/Default (= 0.72.10)
    - React-cxxreact
    - React-jsc
    - React-jsi
    - React-jsiexecutor
    - React-perflogger
    - React-runtimeexecutor
    - React-utils
    - SocketRocket (= 0.6.1)
    - Yoga
  - React-Core/CoreModulesHeaders (0.72.10):
    - glog
    - RCT-Folly (= 2021.07.22.00)
    - React-Core/Default
    - React-cxxreact
    - React-jsc
    - React-jsi
    - React-jsiexecutor
    - React-perflogger
    - React-runtimeexecutor
    - React-utils
    - SocketRocket (= 0.6.1)
    - Yoga
  - React-Core/Default (0.72.10):
    - glog
    - RCT-Folly (= 2021.07.22.00)
    - React-cxxreact
    - React-jsc
    - React-jsi
    - React-jsiexecutor
    - React-perflogger
    - React-runtimeexecutor
    - React-utils
    - SocketRocket (= 0.6.1)
    - Yoga
  - React-Core/DevSupport (0.72.10):
    - glog
    - RCT-Folly (= 2021.07.22.00)
    - React-Core/Default (= 0.72.10)
    - React-Core/RCTWebSocket (= 0.72.10)
    - React-cxxreact
    - React-jsc
    - React-jsi
    - React-jsiexecutor
    - React-jsinspector (= 0.72.10)
    - React-perflogger
    - React-runtimeexecutor
    - React-utils
    - SocketRocket (= 0.6.1)
    - Yoga
  - React-Core/RCTActionSheetHeaders (0.72.10):
    - glog
    - RCT-Folly (= 2021.07.22.00)
    - React-Core/Default
    - React-cxxreact
    - React-jsc
    - React-jsi
    - React-jsiexecutor
    - React-perflogger
    - React-runtimeexecutor
    - React-utils
    - SocketRocket (= 0.6.1)
    - Yoga
  - React-Core/RCTAnimationHeaders (0.72.10):
    - glog
    - RCT-Folly (= 2021.07.22.00)
    - React-Core/Default
    - React-cxxreact
    - React-jsc
    - React-jsi
    - React-jsiexecutor
    - React-perflogger
    - React-runtimeexecutor
    - React-utils
    - SocketRocket (= 0.6.1)
    - Yoga
  - React-Core/RCTBlobHeaders (0.72.10):
    - glog
    - RCT-Folly (= 2021.07.22.00)
    - React-Core/Default
    - React-cxxreact
    - React-jsc
    - React-jsi
    - React-jsiexecutor
    - React-perflogger
    - React-runtimeexecutor
    - React-utils
    - SocketRocket (= 0.6.1)
    - Yoga
  - React-Core/RCTImageHeaders (0.72.10):
    - glog
    - RCT-Folly (= 2021.07.22.00)
    - React-Core/Default
    - React-cxxreact
    - React-jsc
    - React-jsi
    - React-jsiexecutor
    - React-perflogger
    - React-runtimeexecutor
    - React-utils
    - SocketRocket (= 0.6.1)
    - Yoga
  - React-Core/RCTLinkingHeaders (0.72.10):
    - glog
    - RCT-Folly (= 2021.07.22.00)
    - React-Core/Default
    - React-cxxreact
    - React-jsc
    - React-jsi
    - React-jsiexecutor
    - React-perflogger
    - React-runtimeexecutor
    - React-utils
    - SocketRocket (= 0.6.1)
    - Yoga
  - React-Core/RCTNetworkHeaders (0.72.10):
    - glog
    - RCT-Folly (= 2021.07.22.00)
    - React-Core/Default
    - React-cxxreact
    - React-jsc
    - React-jsi
    - React-jsiexecutor
    - React-perflogger
    - React-runtimeexecutor
    - React-utils
    - SocketRocket (= 0.6.1)
    - Yoga
  - React-Core/RCTSettingsHeaders (0.72.10):
    - glog
    - RCT-Folly (= 2021.07.22.00)
    - React-Core/Default
    - React-cxxreact
    - React-jsc
    - React-jsi
    - React-jsiexecutor
    - React-perflogger
    - React-runtimeexecutor
    - React-utils
    - SocketRocket (= 0.6.1)
    - Yoga
  - React-Core/RCTTextHeaders (0.72.10):
    - glog
    - RCT-Folly (= 2021.07.22.00)
    - React-Core/Default
    - React-cxxreact
    - React-jsc
    - React-jsi
    - React-jsiexecutor
    - React-perflogger
    - React-runtimeexecutor
    - React-utils
    - SocketRocket (= 0.6.1)
    - Yoga
  - React-Core/RCTVibrationHeaders (0.72.10):
    - glog
    - RCT-Folly (= 2021.07.22.00)
    - React-Core/Default
    - React-cxxreact
    - React-jsc
    - React-jsi
    - React-jsiexecutor
    - React-perflogger
    - React-runtimeexecutor
    - React-utils
    - SocketRocket (= 0.6.1)
    - Yoga
  - React-Core/RCTWebSocket (0.72.10):
    - glog
    - RCT-Folly (= 2021.07.22.00)
    - React-Core/Default (= 0.72.10)
    - React-cxxreact
    - React-jsc
    - React-jsi
    - React-jsiexecutor
    - React-perflogger
    - React-runtimeexecutor
    - React-utils
    - SocketRocket (= 0.6.1)
    - Yoga
  - React-CoreModules (0.72.10):
    - RCT-Folly (= 2021.07.22.00)
    - RCTTypeSafety (= 0.72.10)
    - React-Codegen (= 0.72.10)
    - React-Core/CoreModulesHeaders (= 0.72.10)
    - React-jsi (= 0.72.10)
    - React-RCTBlob
    - React-RCTImage (= 0.72.10)
    - ReactCommon/turbomodule/core (= 0.72.10)
    - SocketRocket (= 0.6.1)
  - React-cxxreact (0.72.10):
    - boost (= 1.76.0)
    - DoubleConversion
    - glog
    - RCT-Folly (= 2021.07.22.00)
    - React-callinvoker (= 0.72.10)
    - React-debug (= 0.72.10)
    - React-jsi (= 0.72.10)
    - React-jsinspector (= 0.72.10)
    - React-logger (= 0.72.10)
    - React-perflogger (= 0.72.10)
    - React-runtimeexecutor (= 0.72.10)
  - React-debug (0.72.10)
  - React-jsc (0.72.10):
    - React-jsc/Fabric (= 0.72.10)
    - React-jsi (= 0.72.10)
  - React-jsc/Fabric (0.72.10):
    - React-jsi (= 0.72.10)
  - React-jsi (0.72.10):
    - boost (= 1.76.0)
    - DoubleConversion
    - glog
    - RCT-Folly (= 2021.07.22.00)
  - React-jsiexecutor (0.72.10):
    - DoubleConversion
    - glog
    - RCT-Folly (= 2021.07.22.00)
    - React-cxxreact (= 0.72.10)
    - React-jsi (= 0.72.10)
    - React-perflogger (= 0.72.10)
  - React-jsinspector (0.72.10)
  - React-logger (0.72.10):
    - glog
  - react-native-safe-area-context (4.6.3):
    - RCT-Folly
    - RCTRequired
    - RCTTypeSafety
    - React-Core
    - ReactCommon/turbomodule/core
  - React-NativeModulesApple (0.72.10):
    - React-callinvoker
    - React-Core
    - React-cxxreact
    - React-jsi
    - React-runtimeexecutor
    - ReactCommon/turbomodule/bridging
    - ReactCommon/turbomodule/core
  - React-perflogger (0.72.10)
  - React-RCTActionSheet (0.72.10):
    - React-Core/RCTActionSheetHeaders (= 0.72.10)
  - React-RCTAnimation (0.72.10):
    - RCT-Folly (= 2021.07.22.00)
    - RCTTypeSafety (= 0.72.10)
    - React-Codegen (= 0.72.10)
    - React-Core/RCTAnimationHeaders (= 0.72.10)
    - React-jsi (= 0.72.10)
    - ReactCommon/turbomodule/core (= 0.72.10)
  - React-RCTAppDelegate (0.72.10):
    - RCT-Folly
    - RCTRequired
    - RCTTypeSafety
    - React-Core
    - React-CoreModules
    - React-jsc
    - React-NativeModulesApple
    - React-RCTImage
    - React-RCTNetwork
    - React-runtimescheduler
    - ReactCommon/turbomodule/core
  - React-RCTBlob (0.72.10):
    - RCT-Folly (= 2021.07.22.00)
    - React-Codegen (= 0.72.10)
    - React-Core/RCTBlobHeaders (= 0.72.10)
    - React-Core/RCTWebSocket (= 0.72.10)
    - React-jsi (= 0.72.10)
    - React-RCTNetwork (= 0.72.10)
    - ReactCommon/turbomodule/core (= 0.72.10)
  - React-RCTImage (0.72.10):
    - RCT-Folly (= 2021.07.22.00)
    - RCTTypeSafety (= 0.72.10)
    - React-Codegen (= 0.72.10)
    - React-Core/RCTImageHeaders (= 0.72.10)
    - React-jsi (= 0.72.10)
    - React-RCTNetwork (= 0.72.10)
    - ReactCommon/turbomodule/core (= 0.72.10)
  - React-RCTLinking (0.72.10):
    - React-Codegen (= 0.72.10)
    - React-Core/RCTLinkingHeaders (= 0.72.10)
    - React-jsi (= 0.72.10)
    - ReactCommon/turbomodule/core (= 0.72.10)
  - React-RCTNetwork (0.72.10):
    - RCT-Folly (= 2021.07.22.00)
    - RCTTypeSafety (= 0.72.10)
    - React-Codegen (= 0.72.10)
    - React-Core/RCTNetworkHeaders (= 0.72.10)
    - React-jsi (= 0.72.10)
    - ReactCommon/turbomodule/core (= 0.72.10)
  - React-RCTSettings (0.72.10):
    - RCT-Folly (= 2021.07.22.00)
    - RCTTypeSafety (= 0.72.10)
    - React-Codegen (= 0.72.10)
    - React-Core/RCTSettingsHeaders (= 0.72.10)
    - React-jsi (= 0.72.10)
    - ReactCommon/turbomodule/core (= 0.72.10)
  - React-RCTText (0.72.10):
    - React-Core/RCTTextHeaders (= 0.72.10)
  - React-RCTVibration (0.72.10):
    - RCT-Folly (= 2021.07.22.00)
    - React-Codegen (= 0.72.10)
    - React-Core/RCTVibrationHeaders (= 0.72.10)
    - React-jsi (= 0.72.10)
    - ReactCommon/turbomodule/core (= 0.72.10)
  - React-rncore (0.72.10)
  - React-runtimeexecutor (0.72.10):
    - React-jsi (= 0.72.10)
  - React-runtimescheduler (0.72.10):
    - glog
    - RCT-Folly (= 2021.07.22.00)
    - React-callinvoker
    - React-debug
    - React-jsi
    - React-runtimeexecutor
  - React-utils (0.72.10):
    - glog
    - RCT-Folly (= 2021.07.22.00)
    - React-debug
  - ReactCommon/turbomodule/bridging (0.72.10):
    - DoubleConversion
    - glog
    - RCT-Folly (= 2021.07.22.00)
    - React-callinvoker (= 0.72.10)
    - React-cxxreact (= 0.72.10)
    - React-jsi (= 0.72.10)
    - React-logger (= 0.72.10)
    - React-perflogger (= 0.72.10)
  - ReactCommon/turbomodule/core (0.72.10):
    - DoubleConversion
    - glog
    - RCT-Folly (= 2021.07.22.00)
    - React-callinvoker (= 0.72.10)
    - React-cxxreact (= 0.72.10)
    - React-jsi (= 0.72.10)
    - React-logger (= 0.72.10)
    - React-perflogger (= 0.72.10)
  - RNCAsyncStorage (1.18.2):
    - React-Core
  - RNGestureHandler (2.12.1):
    - React-Core
  - RNReanimated (3.3.0):
    - DoubleConversion
    - FBLazyVector
    - glog
    - RCT-Folly
    - RCTRequired
    - RCTTypeSafety
    - React-callinvoker
    - React-Core
    - React-Core/DevSupport
    - React-Core/RCTWebSocket
    - React-CoreModules
    - React-cxxreact
    - React-jsi
    - React-jsiexecutor
    - React-jsinspector
    - React-RCTActionSheet
    - React-RCTAnimation
    - React-RCTAppDelegate
    - React-RCTBlob
    - React-RCTImage
    - React-RCTLinking
    - React-RCTNetwork
    - React-RCTSettings
    - React-RCTText
    - ReactCommon/turbomodule/core
    - Yoga
  - RNScreens (3.22.1):
    - React-Core
    - React-RCTImage
  - RNSVG (13.9.0):
    - React-Core
  - SocketRocket (0.6.1)
  - Yoga (1.14.0)
  - ZXingObjC/Core (3.6.9)
  - ZXingObjC/OneD (3.6.9):
    - ZXingObjC/Core
  - ZXingObjC/PDF417 (3.6.9):
    - ZXingObjC/Core

DEPENDENCIES:
  - boost (from `../node_modules/react-native/third-party-podspecs/boost.podspec`)
  - DoubleConversion (from `../node_modules/react-native/third-party-podspecs/DoubleConversion.podspec`)
  - EASClient (from `../node_modules/expo-eas-client/ios`)
  - EXApplication (from `../node_modules/expo-application/ios`)
  - EXBarCodeScanner (from `../node_modules/expo-barcode-scanner/ios`)
  - EXConstants (from `../node_modules/expo-constants/ios`)
  - EXFileSystem (from `../node_modules/expo-file-system/ios`)
  - EXFont (from `../node_modules/expo-font/ios`)
  - EXImageLoader (from `../node_modules/expo-image-loader/ios`)
  - EXJSONUtils (from `../node_modules/expo-json-utils/ios`)
  - EXManifests (from `../node_modules/expo-manifests/ios`)
  - Expo (from `../node_modules/expo`)
  - ExpoDevice (from `../node_modules/expo-device/ios`)
  - ExpoKeepAwake (from `../node_modules/expo-keep-awake/ios`)
  - ExpoModulesCore (from `../node_modules/expo-modules-core`)
  - ExpoWebBrowser (from `../node_modules/expo-web-browser/ios`)
  - EXSplashScreen (from `../node_modules/expo-splash-screen/ios`)
  - EXStructuredHeaders (from `../node_modules/expo-structured-headers/ios`)
  - EXUpdates (from `../node_modules/expo-updates/ios`)
  - EXUpdatesInterface (from `../node_modules/expo-updates-interface/ios`)
  - FBLazyVector (from `../node_modules/react-native/Libraries/FBLazyVector`)
  - FBReactNativeSpec (from `../node_modules/react-native/React/FBReactNativeSpec`)
  - glog (from `../node_modules/react-native/third-party-podspecs/glog.podspec`)
  - RCT-Folly (from `../node_modules/react-native/third-party-podspecs/RCT-Folly.podspec`)
  - RCTRequired (from `../node_modules/react-native/Libraries/RCTRequired`)
  - RCTTypeSafety (from `../node_modules/react-native/Libraries/TypeSafety`)
  - React (from `../node_modules/react-native/`)
  - React-callinvoker (from `../node_modules/react-native/ReactCommon/callinvoker`)
  - React-Codegen (from `build/generated/ios`)
  - React-Core (from `../node_modules/react-native/`)
  - React-Core/RCTWebSocket (from `../node_modules/react-native/`)
  - React-CoreModules (from `../node_modules/react-native/React/CoreModules`)
  - React-cxxreact (from `../node_modules/react-native/ReactCommon/cxxreact`)
  - React-debug (from `../node_modules/react-native/ReactCommon/react/debug`)
  - React-jsc (from `../node_modules/react-native/ReactCommon/jsc`)
  - React-jsi (from `../node_modules/react-native/ReactCommon/jsi`)
  - React-jsiexecutor (from `../node_modules/react-native/ReactCommon/jsiexecutor`)
  - React-jsinspector (from `../node_modules/react-native/ReactCommon/jsinspector`)
  - React-logger (from `../node_modules/react-native/ReactCommon/logger`)
  - react-native-safe-area-context (from `../node_modules/react-native-safe-area-context`)
  - React-NativeModulesApple (from `../node_modules/react-native/ReactCommon/react/nativemodule/core/platform/ios`)
  - React-perflogger (from `../node_modules/react-native/ReactCommon/reactperflogger`)
  - React-RCTActionSheet (from `../node_modules/react-native/Libraries/ActionSheetIOS`)
  - React-RCTAnimation (from `../node_modules/react-native/Libraries/NativeAnimation`)
  - React-RCTAppDelegate (from `../node_modules/react-native/Libraries/AppDelegate`)
  - React-RCTBlob (from `../node_modules/react-native/Libraries/Blob`)
  - React-RCTImage (from `../node_modules/react-native/Libraries/Image`)
  - React-RCTLinking (from `../node_modules/react-native/Libraries/LinkingIOS`)
  - React-RCTNetwork (from `../node_modules/react-native/Libraries/Network`)
  - React-RCTSettings (from `../node_modules/react-native/Libraries/Settings`)
  - React-RCTText (from `../node_modules/react-native/Libraries/Text`)
  - React-RCTVibration (from `../node_modules/react-native/Libraries/Vibration`)
  - React-rncore (from `../node_modules/react-native/ReactCommon`)
  - React-runtimeexecutor (from `../node_modules/react-native/ReactCommon/runtimeexecutor`)
  - React-runtimescheduler (from `../node_modules/react-native/ReactCommon/react/renderer/runtimescheduler`)
  - React-utils (from `../node_modules/react-native/ReactCommon/react/utils`)
  - ReactCommon/turbomodule/core (from `../node_modules/react-native/ReactCommon`)
  - "RNCAsyncStorage (from `../node_modules/@react-native-async-storage/async-storage`)"
  - RNGestureHandler (from `../node_modules/react-native-gesture-handler`)
  - RNReanimated (from `../node_modules/react-native-reanimated`)
  - RNScreens (from `../node_modules/react-native-screens`)
  - RNSVG (from `../node_modules/react-native-svg`)
  - Yoga (from `../node_modules/react-native/ReactCommon/yoga`)

SPEC REPOS:
  trunk:
    - ASN1Decoder
    - fmt
    - ReachabilitySwift
    - SocketRocket
    - ZXingObjC

EXTERNAL SOURCES:
  boost:
    :podspec: "../node_modules/react-native/third-party-podspecs/boost.podspec"
  DoubleConversion:
    :podspec: "../node_modules/react-native/third-party-podspecs/DoubleConversion.podspec"
  EASClient:
    :path: "../node_modules/expo-eas-client/ios"
  EXApplication:
    :path: "../node_modules/expo-application/ios"
  EXBarCodeScanner:
    :path: "../node_modules/expo-barcode-scanner/ios"
  EXConstants:
    :path: "../node_modules/expo-constants/ios"
  EXFileSystem:
    :path: "../node_modules/expo-file-system/ios"
  EXFont:
    :path: "../node_modules/expo-font/ios"
  EXImageLoader:
    :path: "../node_modules/expo-image-loader/ios"
  EXJSONUtils:
    :path: "../node_modules/expo-json-utils/ios"
  EXManifests:
    :path: "../node_modules/expo-manifests/ios"
  Expo:
    :path: "../node_modules/expo"
  ExpoDevice:
    :path: "../node_modules/expo-device/ios"
  ExpoKeepAwake:
    :path: "../node_modules/expo-keep-awake/ios"
  ExpoModulesCore:
    :path: "../node_modules/expo-modules-core"
  ExpoWebBrowser:
    :path: "../node_modules/expo-web-browser/ios"
  EXSplashScreen:
    :path: "../node_modules/expo-splash-screen/ios"
  EXStructuredHeaders:
    :path: "../node_modules/expo-structured-headers/ios"
  EXUpdates:
    :path: "../node_modules/expo-updates/ios"
  EXUpdatesInterface:
    :path: "../node_modules/expo-updates-interface/ios"
  FBLazyVector:
    :path: "../node_modules/react-native/Libraries/FBLazyVector"
  FBReactNativeSpec:
    :path: "../node_modules/react-native/React/FBReactNativeSpec"
  glog:
    :podspec: "../node_modules/react-native/third-party-podspecs/glog.podspec"
  RCT-Folly:
    :podspec: "../node_modules/react-native/third-party-podspecs/RCT-Folly.podspec"
  RCTRequired:
    :path: "../node_modules/react-native/Libraries/RCTRequired"
  RCTTypeSafety:
    :path: "../node_modules/react-native/Libraries/TypeSafety"
  React:
    :path: "../node_modules/react-native/"
  React-callinvoker:
    :path: "../node_modules/react-native/ReactCommon/callinvoker"
  React-Codegen:
    :path: build/generated/ios
  React-Core:
    :path: "../node_modules/react-native/"
  React-CoreModules:
    :path: "../node_modules/react-native/React/CoreModules"
  React-cxxreact:
    :path: "../node_modules/react-native/ReactCommon/cxxreact"
  React-debug:
    :path: "../node_modules/react-native/ReactCommon/react/debug"
  React-jsc:
    :path: "../node_modules/react-native/ReactCommon/jsc"
  React-jsi:
    :path: "../node_modules/react-native/ReactCommon/jsi"
  React-jsiexecutor:
    :path: "../node_modules/react-native/ReactCommon/jsiexecutor"
  React-jsinspector:
    :path: "../node_modules/react-native/ReactCommon/jsinspector"
  React-logger:
    :path: "../node_modules/react-native/ReactCommon/logger"
  react-native-safe-area-context:
    :path: "../node_modules/react-native-safe-area-context"
  React-NativeModulesApple:
    :path: "../node_modules/react-native/ReactCommon/react/nativemodule/core/platform/ios"
  React-perflogger:
    :path: "../node_modules/react-native/ReactCommon/reactperflogger"
  React-RCTActionSheet:
    :path: "../node_modules/react-native/Libraries/ActionSheetIOS"
  React-RCTAnimation:
    :path: "../node_modules/react-native/Libraries/NativeAnimation"
  React-RCTAppDelegate:
    :path: "../node_modules/react-native/Libraries/AppDelegate"
  React-RCTBlob:
    :path: "../node_modules/react-native/Libraries/Blob"
  React-RCTImage:
    :path: "../node_modules/react-native/Libraries/Image"
  React-RCTLinking:
    :path: "../node_modules/react-native/Libraries/LinkingIOS"
  React-RCTNetwork:
    :path: "../node_modules/react-native/Libraries/Network"
  React-RCTSettings:
    :path: "../node_modules/react-native/Libraries/Settings"
  React-RCTText:
    :path: "../node_modules/react-native/Libraries/Text"
  React-RCTVibration:
    :path: "../node_modules/react-native/Libraries/Vibration"
  React-rncore:
    :path: "../node_modules/react-native/ReactCommon"
  React-runtimeexecutor:
    :path: "../node_modules/react-native/ReactCommon/runtimeexecutor"
  React-runtimescheduler:
    :path: "../node_modules/react-native/ReactCommon/react/renderer/runtimescheduler"
  React-utils:
    :path: "../node_modules/react-native/ReactCommon/react/utils"
  ReactCommon:
    :path: "../node_modules/react-native/ReactCommon"
  RNCAsyncStorage:
    :path: "../node_modules/@react-native-async-storage/async-storage"
  RNGestureHandler:
    :path: "../node_modules/react-native-gesture-handler"
  RNReanimated:
    :path: "../node_modules/react-native-reanimated"
  RNScreens:
    :path: "../node_modules/react-native-screens"
  RNSVG:
    :path: "../node_modules/react-native-svg"
  Yoga:
    :path: "../node_modules/react-native/ReactCommon/yoga"

SPEC CHECKSUMS:
  ASN1Decoder: 91cb1d781b5a178ea7375b2f1519e2bdaaa4c427
  boost: 7dcd2de282d72e344012f7d6564d024930a6a440
  DoubleConversion: 5189b271737e1565bdce30deb4a08d647e3f5f54
  EASClient: 49f8ea858204eb4844d9fb386e5fb7920aee2e30
  EXApplication: 042aa2e3f05258a16962ea1a9914bf288db9c9a1
  EXBarCodeScanner: 44783bf0be375ab18a838dcfef29dd648397000a
  EXConstants: ce5bbea779da8031ac818c36bea41b10e14d04e1
  EXFileSystem: f8b838a880254de42a5a7da20ed5ce12e2697c1b
  EXFont: 738c44c390953ebcbab075a4848bfbef025fd9ee
  EXImageLoader: 34b214f9387e98f3c73989f15d8d5b399c9ab3f7
  EXJSONUtils: 6802be4282d42b97c51682468ddc1026a06f8276
  EXManifests: cf66451b11b2c2f6464917528d792759f7fd6ce0
  Expo: ba9abdf444dc6d2c05a82c4c1b51a2400beb6167
  ExpoDevice: 1c1b0c9cad96c292c1de73948649cfd654b2b3c0
  ExpoKeepAwake: be4cbd52d9b177cde0fd66daa1913afa3161fc1d
  ExpoModulesCore: cf14fc49a3d5df3ed3cf2a38fc758d073bfd1c13
  ExpoWebBrowser: 2c788f9c07718a780fe6d8bf2f6195c47609faaa
  EXSplashScreen: c0e7f2d4a640f3b875808ed0b88575538daf6d82
  EXStructuredHeaders: 324cc3130571d2696357fafd8be7fd9a0b5fdf6e
  EXUpdates: 59d641d0873236c76ef987917c32de8c210333ea
  EXUpdatesInterface: 82ed48d417cdcd376c12ca1c2ce390d35500bed6
  FBLazyVector: f91d538f197fa71a7d5b77ec2069d49550c0eb96
  FBReactNativeSpec: b13d1c23d6ed82d6b66aad7a253edf8ba76c4a4c
  fmt: ff9d55029c625d3757ed641535fd4a75fedc7ce9
  glog: 04b94705f318337d7ead9e6d17c019bd9b1f6b1b
  RCT-Folly: 424b8c9a7a0b9ab2886ffe9c3b041ef628fd4fb1
  RCTRequired: b4d3068afa6f52ec5260a8417053b1f1b421483d
  RCTTypeSafety: a4551b3d338c96435f63bf06d564055c1d3cc0ac
  ReachabilitySwift: 32793e867593cfc1177f5d16491e3a197d2fccda
  React: 66caa2a8192a35d7ba466a5fdf5dc06ee4a5f6dd
  React-callinvoker: e5b55e46894c2dd1bcdc19d4f82b0f7f631d1237
  React-Codegen: b02d7681fe73f1d5c1771d63e455dbe1820a7ab5
  React-Core: 8f82a39eedb4ef69fe87213dd9ee94ff1486ec55
  React-CoreModules: 893e7c5eed1ef8fe9e1ee1d913581c946e55b305
  React-cxxreact: aa2a58d826b08afb9cf062e0f14f51aa606dd133
  React-debug: abc6213dcb9eafcf5242cbb194fef4c70c91871f
  React-jsc: 663d1bb8400d751370f39b639e2e5f58fdebc2e2
  React-jsi: c59ecc480de0d02348b4625c86e9ff947eaf9cd8
  React-jsiexecutor: 542a507e6d3985fda431c614fd456aebf59bdc66
  React-jsinspector: de0198127395fec3058140a20c045167f761bb16
  React-logger: dc3a2b174d79c2da635059212747d8d929b54e06
  react-native-safe-area-context: 36cc67648134e89465663b8172336a19eeda493d
  React-NativeModulesApple: 57ad574ee6d21ed097463ef885a188218129db8e
  React-perflogger: 43287389ea08993c300897a46f95cfac04bb6c1a
  React-RCTActionSheet: 923afe77f9bb89da7c1f98e2730bfc9dde0eed6d
  React-RCTAnimation: afd4d94c5e1f731e32ac99800850be06564ac642
  React-RCTAppDelegate: 7ad5dac79625f1f63a98b2a96350de0a839932b6
  React-RCTBlob: 0bf5bcd267a0fd641ac06bb963da2993715a3827
  React-RCTImage: 867de82a17630a08a3fa64b0cd6677dd19bf6eaf
  React-RCTLinking: 885dde8bc5d397c3e72c76315f1f9b5030b3a70e
  React-RCTNetwork: efec71102220b96ac8605d0253debd859ca0c817
  React-RCTSettings: 077065d0a4e925b017fe8538afa574d8fb52391f
  React-RCTText: 7adddb518ac362b2398fedf0c64105e0dab29441
  React-RCTVibration: de6b7218e415d82788e0965f278dddb2ef88b372
  React-rncore: f0d8c23481a6c263a343fa7fd3816d943754b720
  React-runtimeexecutor: 2b2c09edbca4c9a667428e8c93959f66b3b53140
  React-runtimescheduler: 5c9f2880c51b760c10887fa5e81d24fe59253137
  React-utils: 372b83030a74347331636909278bf0a60ec30d59
  ReactCommon: 98b9165c65f7d8cd488ca6bd177e81a8c90cd028
  RNCAsyncStorage: ddc4ee162bfd41b0d2c68bf2d95acd81dd7f1f93
  RNGestureHandler: c0d04458598fcb26052494ae23dda8f8f5162b13
  RNReanimated: 3ffa3d63576ecd26a4f8772d03029cccaf41b5d7
  RNScreens: 50ffe2fa2342eabb2d0afbe19f7c1af286bc7fb3
  RNSVG: 53c661b76829783cdaf9b7a57258f3d3b4c28315
  SocketRocket: f32cd54efbe0f095c4d7594881e52619cfe80b17
  Yoga: d0003f849d2b5224c072cef6568b540d8bb15cd3
  ZXingObjC: 8898711ab495761b2dbbdec76d90164a6d7e14c5

PODFILE CHECKSUM: 58f3f411c7d7b3c663becb5373ea75195d0fabfc

COCOAPODS: 1.16.2
